
Microsoft Visual Studio Solution File, Format Version 12.00
# Visual Studio Version 16
VisualStudioVersion = 16.0.32413.511
MinimumVisualStudioVersion = 10.0.40219.1
Project("{FAE04EC0-301F-11D3-BF4B-00C04F79EFBC}") = "Lesson_7", "Lesson_7\Lesson_7.csproj", "{FF4BC8C9-7825-4128-B90D-875D7F6C97D7}"
EndProject
Global
	GlobalSection(SolutionConfigurationPlatforms) = preSolution
		Debug|Any CPU = Debug|Any CPU
		Release|Any CPU = Release|Any CPU
	EndGlobalSection
	GlobalSection(ProjectConfigurationPlatforms) = postSolution
		{FF4BC8C9-7825-4128-B90D-875D7F6C97D7}.Debug|Any CPU.ActiveCfg = Debug|Any CPU
		{FF4BC8C9-7825-4128-B90D-875D7F6C97D7}.Debug|Any CPU.Build.0 = Debug|Any CPU
		{FF4BC8C9-7825-4128-B90D-875D7F6C97D7}.Release|Any CPU.ActiveCfg = Release|Any CPU
		{FF4BC8C9-7825-4128-B90D-875D7F6C97D7}.Release|Any CPU.Build.0 = Release|Any CPU
	EndGlobalSection
	GlobalSection(SolutionProperties) = preSolution
		HideSolutionNode = FALSE
	EndGlobalSection
	GlobalSection(ExtensibilityGlobals) = postSolution
		SolutionGuid = {B4B53152-8E78-4C5E-B780-FCF266D85209}
	EndGlobalSection
EndGlobal
